
Microsoft Visual Studio Solution File, Format Version 12.00
# Visual Studio Version 17
VisualStudioVersion = 17.7.33711.374
MinimumVisualStudioVersion = 10.0.40219.1
Project("{9A19103F-16F7-4668-BE54-9A1E7A4F7556}") = "ECOMM", "COMMERCE-WEB-APP\ECOMM.csproj", "{8E3906C5-146D-455F-A68D-A6B6A1CA5898}"
EndProject
Project("{9A19103F-16F7-4668-BE54-9A1E7A4F7556}") = "UNUSED-ECOMM_RAZOR", "COMMERCE-WEB-APP_RAZOR\UNUSED-ECOMM_RAZOR.csproj", "{BD3E7A00-8DF7-49DC-BA78-148BDDB45C33}"
EndProject
Project("{FAE04EC0-301F-11D3-BF4B-00C04F79EFBC}") = "ECOMM.DataAccess", "ECOMM.DataAccess\ECOMM.DataAccess.csproj", "{D7316D45-072A-40EF-830E-901F9C76923F}"
EndProject
Project("{FAE04EC0-301F-11D3-BF4B-00C04F79EFBC}") = "ECOMM.Models", "ECOMM.Models\ECOMM.Models.csproj", "{5FB381EF-EA62-4B38-8A21-B0C2AEAC66FD}"
EndProject
Project("{FAE04EC0-301F-11D3-BF4B-00C04F79EFBC}") = "ECOMM.Utility", "ECOMM.Utility\ECOMM.Utility.csproj", "{E08F66C0-B748-45E9-92F2-D0FC3F94057F}"
EndProject
Global
	GlobalSection(SolutionConfigurationPlatforms) = preSolution
		Debug|Any CPU = Debug|Any CPU
		Release|Any CPU = Release|Any CPU
	EndGlobalSection
	GlobalSection(ProjectConfigurationPlatforms) = postSolution
		{8E3906C5-146D-455F-A68D-A6B6A1CA5898}.Debug|Any CPU.ActiveCfg = Debug|Any CPU
		{8E3906C5-146D-455F-A68D-A6B6A1CA5898}.Debug|Any CPU.Build.0 = Debug|Any CPU
		{8E3906C5-146D-455F-A68D-A6B6A1CA5898}.Release|Any CPU.ActiveCfg = Release|Any CPU
		{8E3906C5-146D-455F-A68D-A6B6A1CA5898}.Release|Any CPU.Build.0 = Release|Any CPU
		{BD3E7A00-8DF7-49DC-BA78-148BDDB45C33}.Debug|Any CPU.ActiveCfg = Debug|Any CPU
		{BD3E7A00-8DF7-49DC-BA78-148BDDB45C33}.Debug|Any CPU.Build.0 = Debug|Any CPU
		{BD3E7A00-8DF7-49DC-BA78-148BDDB45C33}.Release|Any CPU.ActiveCfg = Release|Any CPU
		{BD3E7A00-8DF7-49DC-BA78-148BDDB45C33}.Release|Any CPU.Build.0 = Release|Any CPU
		{D7316D45-072A-40EF-830E-901F9C76923F}.Debug|Any CPU.ActiveCfg = Debug|Any CPU
		{D7316D45-072A-40EF-830E-901F9C76923F}.Debug|Any CPU.Build.0 = Debug|Any CPU
		{D7316D45-072A-40EF-830E-901F9C76923F}.Release|Any CPU.ActiveCfg = Release|Any CPU
		{D7316D45-072A-40EF-830E-901F9C76923F}.Release|Any CPU.Build.0 = Release|Any CPU
		{5FB381EF-EA62-4B38-8A21-B0C2AEAC66FD}.Debug|Any CPU.ActiveCfg = Debug|Any CPU
		{5FB381EF-EA62-4B38-8A21-B0C2AEAC66FD}.Debug|Any CPU.Build.0 = Debug|Any CPU
		{5FB381EF-EA62-4B38-8A21-B0C2AEAC66FD}.Release|Any CPU.ActiveCfg = Release|Any CPU
		{5FB381EF-EA62-4B38-8A21-B0C2AEAC66FD}.Release|Any CPU.Build.0 = Release|Any CPU
		{E08F66C0-B748-45E9-92F2-D0FC3F94057F}.Debug|Any CPU.ActiveCfg = Debug|Any CPU
		{E08F66C0-B748-45E9-92F2-D0FC3F94057F}.Debug|Any CPU.Build.0 = Debug|Any CPU
		{E08F66C0-B748-45E9-92F2-D0FC3F94057F}.Release|Any CPU.ActiveCfg = Release|Any CPU
		{E08F66C0-B748-45E9-92F2-D0FC3F94057F}.Release|Any CPU.Build.0 = Release|Any CPU
	EndGlobalSection
	GlobalSection(SolutionProperties) = preSolution
		HideSolutionNode = FALSE
	EndGlobalSection
	GlobalSection(ExtensibilityGlobals) = postSolution
		SolutionGuid = {DCEC155C-7A37-4F57-9773-1F9C29F7F8D4}
	EndGlobalSection
EndGlobal
